PODS:
  - Alamofire (4.5.0)
  - BRYXBanner (0.7.3)
  - Charts (3.0.2):
    - Charts/Core (= 3.0.2)
  - Charts/Core (3.0.2)
  - CryptoSwift (0.6.9)
  - DynamicButton (4.0.0)
  - Instabug (7.3.2)
  - Kanna (2.2.1)
  - KeychainAccess (3.0.2)
  - NetUtils (3.0.2)
  - PromiseKit (4.2.2):
    - PromiseKit/Foundation (= 4.2.2)
    - PromiseKit/QuartzCore (= 4.2.2)
    - PromiseKit/UIKit (= 4.2.2)
  - PromiseKit/CorePromise (4.2.2)
  - PromiseKit/Foundation (4.2.2):
    - PromiseKit/CorePromise
  - PromiseKit/QuartzCore (4.2.2):
    - PromiseKit/CorePromise
  - PromiseKit/UIKit (4.2.2):
    - PromiseKit/CorePromise
  - SwiftyUserDefaults (3.0.0)
  - Yaml (3.3.1)

DEPENDENCIES:
  - Alamofire
  - BRYXBanner
  - Charts
  - CryptoSwift
  - DynamicButton
  - Instabug
  - Kanna
  - KeychainAccess
  - NetUtils
  - PromiseKit
  - SwiftyUserDefaults
  - Yaml

SPEC CHECKSUMS:
  Alamofire: f28cdffd29de33a7bfa022cbd63ae95a27fae140
  BRYXBanner: bd26a91cb8a5826a8bc7687891043d287dd3ee53
  Charts: 236d6ccdd0ce6feae151d89e829a7397381a21fd
  CryptoSwift: a22f6ba238e9ce4d26ee7bf45b9ed82e7122d4a0
  DynamicButton: ddc1e8d79e37f2761ab64df0c02e89061b05d812
  Instabug: 254ccc875caeaca004a872876573feea420745a6
  Kanna: 182789ab065e8f9a6ccc2a74ce6283d3401c0c4a
  KeychainAccess: a986406022dfc7c634c691ad3bec670cc6a32002
  NetUtils: 6ea106332c6e40e28a5ace45602fb517945a335d
  PromiseKit: 00e8886881f151c7e573d06b437915b0bb2970ec
  SwiftyUserDefaults: 0f1d45fc3aafb9064dac661e367f8f83fe21a4b4
  Yaml: 18b2cf7301c4132e2bbb508a6921d2637ed3046c

PODFILE CHECKSUM: d20f51434d405063559b7c84de884a7ea138abc1

COCOAPODS: 1.2.1
