PODS:
  - Alamofire (4.8.0)
  - BRYXBanner (0.8.3)
  - Charts (3.2.1):
    - Charts/Core (= 3.2.1)
  - Charts/Core (3.2.1)
  - CryptoSwift (0.13.0)
  - DynamicButton (6.1.0)
  - Instabug (8.0.16)
  - Kanna (4.0.2)
  - KeychainAccess (3.1.2)
  - NetUtils (4.1.0)
  - PromiseKit (6.5.3):
    - PromiseKit/CorePromise (= 6.5.3)
    - PromiseKit/Foundation (= 6.5.3)
    - PromiseKit/UIKit (= 6.5.3)
  - PromiseKit/CorePromise (6.5.3)
  - PromiseKit/Foundation (6.5.3):
    - PromiseKit/CorePromise
  - PromiseKit/UIKit (6.5.3):
    - PromiseKit/CorePromise
  - SwiftRater (1.3.0)
  - SwiftyBeaver (1.6.1)
  - SwiftyUserDefaults (3.0.1)
  - Yaml (3.4.3)

DEPENDENCIES:
  - Alamofire
  - BRYXBanner
  - Charts
  - CryptoSwift
  - DynamicButton
  - Instabug
  - Kanna (~> 4.0.0)
  - KeychainAccess
  - NetUtils
  - PromiseKit
  - SwiftRater (from `https://github.com/ClumsyLee/SwiftRater`)
  - SwiftyBeaver
  - SwiftyUserDefaults
  - Yaml

SPEC REPOS:
  https://github.com/cocoapods/specs.git:
    - Alamofire
    - BRYXBanner
    - Charts
    - CryptoSwift
    - DynamicButton
    - Instabug
    - Kanna
    - KeychainAccess
    - NetUtils
    - PromiseKit
    - SwiftyBeaver
    - SwiftyUserDefaults
    - Yaml

EXTERNAL SOURCES:
  SwiftRater:
    :git: https://github.com/ClumsyLee/SwiftRater

CHECKOUT OPTIONS:
  SwiftRater:
    :commit: c5c1c82cba99a3285ec8e07f654cbb2b991bfe14
    :git: https://github.com/ClumsyLee/SwiftRater

SPEC CHECKSUMS:
  Alamofire: 3ec537f71edc9804815215393ae2b1a8ea33a844
  BRYXBanner: 8cf1b119792e1cee8d7ba107297ef89f7409bc53
  Charts: f122fb70b19847fa5817d018b77d6c5a2296ab25
  CryptoSwift: 16e78bebf567bad1c87b2d58f6547f25b74c31aa
  DynamicButton: 5a3ae2bf26dc196fb6c85b3e1aac956add860718
  Instabug: 791ad2fcb729621c175eb205d1fbd920d46f1aff
  Kanna: c60b61d72554bf04ed1ee074f9b379855cab4892
  KeychainAccess: b3816fddcf28aa29d94b10ec305cd52be14c472b
  NetUtils: 414aca786a4be7d6c87a69613bdb6a5a2640f08e
  PromiseKit: c609029bdd801f792551a504c695c7d3098b42cd
  SwiftRater: 035512c0c454c83bd4d96b483d8854606aeecccf
  SwiftyBeaver: ccfcdf85a04d429f1633f668650b0ce8020bda3a
  SwiftyUserDefaults: 3d273b1739b68ada3145dc754a70ec775bc5c8be
  Yaml: 9f32854890c54304772f02380c3899c8db739800

PODFILE CHECKSUM: 4fd9568bfda55c63fc9c44e022752abc9db382b2

COCOAPODS: 1.5.3
